github.com/aws/aws-sdk-go-v2 v1.36.5 h1:0OF9RiEMEdDdZEMqF9MRjevyxAQcf6gY+E7vwBILFj0=
github.com/aws/aws-sdk-go-v2 v1.36.5/go.mod h1:EYrzvCCN9CMUTa5+6lf6MM4tq3Zjp8UhSGR/cBsjai0=
github.com/aws/aws-sdk-go-v2 v1.38.0 h1:UCRQ5mlqcFk9HJDIqENSLR3wiG1VTWlyUfLDEvY7RxU=
github.com/aws/aws-sdk-go-v2 v1.38.0/go.mod h1:9Q0OoGQoboYIAJyslFyF1f5K1Ryddop8gqMhWx/n4Wg=
github.com/aws/aws-sdk-go-v2/config v1.29.17 h1:jSuiQ5jEe4SAMH6lLRMY9OVC+TqJLP5655pBGjmnjr0=
github.com/aws/aws-sdk-go-v2/config v1.29.17/go.mod h1:9P4wwACpbeXs9Pm9w1QTh6BwWwJjwYvJ1iCt5QbCXh8=
github.com/aws/aws-sdk-go-v2/config v1.31.0 h1:9yH0xiY5fUnVNLRWO0AtayqwU1ndriZdN78LlhruJR4=
github.com/aws/aws-sdk-go-v2/config v1.31.0/go.mod h1:VeV3K72nXnhbe4EuxxhzsDc/ByrCSlZwUnWH52Nde/I=
github.com/aws/aws-sdk-go-v2/credentials v1.17.70 h1:ONnH5CM16RTXRkS8Z1qg7/s2eDOhHhaXVd72mmyv4/0=
github.com/aws/aws-sdk-go-v2/credentials v1.17.70/go.mod h1:M+lWhhmomVGgtuPOhO85u4pEa3SmssPTdcYpP/5J/xc=
github.com/aws/aws-sdk-go-v2/credentials v1.18.4 h1:IPd0Algf1b+Qy9BcDp0sCUcIWdCQPSzDoMK3a8pcbUM=
github.com/aws/aws-sdk-go-v2/credentials v1.18.4/go.mod h1:nwg78FjH2qvsRM1EVZlX9WuGUJOL5od+0qvm0adEzHk=
github.com/aws/aws-sdk-go-v2/feature/ec2/imds v1.16.32 h1:KAXP9JSHO1vKGCr5f4O6WmlVKLFFXgWYAGoJosorxzU=
github.com/aws/aws-sdk-go-v2/feature/ec2/imds v1.16.32/go.mod h1:h4Sg6FQdexC1yYG9RDnOvLbW1a/P986++/Y/a+GyEM8=
github.com/aws/aws-sdk-go-v2/feature/ec2/imds v1.18.3 h1:GicIdnekoJsjq9wqnvyi2elW6CGMSYKhdozE7/Svh78=
github.com/aws/aws-sdk-go-v2/feature/ec2/imds v1.18.3/go.mod h1:R7BIi6WNC5mc1kfRM7XM/VHC3uRWkjc396sfabq4iOo=
github.com/aws/aws-sdk-go-v2/internal/configsources v1.3.36 h1:SsytQyTMHMDPspp+spo7XwXTP44aJZZAC7fBV2C5+5s=
github.com/aws/aws-sdk-go-v2/internal/configsources v1.3.36/go.mod h1:Q1lnJArKRXkenyog6+Y+zr7WDpk4e6XlR6gs20bbeNo=
github.com/aws/aws-sdk-go-v2/internal/configsources v1.4.3 h1:o9RnO+YZ4X+kt5Z7Nvcishlz0nksIt2PIzDglLMP0vA=
github.com/aws/aws-sdk-go-v2/internal/configsources v1.4.3/go.mod h1:+6aLJzOG1fvMOyzIySYjOFjcguGvVRL68R+uoRencN4=
github.com/aws/aws-sdk-go-v2/internal/endpoints/v2 v2.6.36 h1:i2vNHQiXUvKhs3quBR6aqlgJaiaexz/aNvdCktW/kAM=
github.com/aws/aws-sdk-go-v2/internal/endpoints/v2 v2.6.36/go.mod h1:UdyGa7Q91id/sdyHPwth+043HhmP6yP9MBHgbZM0xo8=
github.com/aws/aws-sdk-go-v2/internal/endpoints/v2 v2.7.3 h1:joyyUFhiTQQmVK6ImzNU9TQSNRNeD9kOklqTzyk5v6s=
github.com/aws/aws-sdk-go-v2/internal/endpoints/v2 v2.7.3/go.mod h1:+vNIyZQP3b3B1tSLI0lxvrU9cfM7gpdRXMFfm67ZcPc=
github.com/aws/aws-sdk-go-v2/internal/ini v1.8.3 h1:bIqFDwgGXXN1Kpp99pDOdKMTTb5d2KyU5X/BZxjOkRo=
github.com/aws/aws-sdk-go-v2/internal/ini v1.8.3/go.mod h1:H5O/EsxDWyU+LP/V8i5sm8cxoZgc2fdNR9bxlOFrQTo=
github.com/aws/aws-sdk-go-v2/service/ec2 v1.227.0 h1:leicz3rwJmu7yfGrmKjWSV4lVIepp1msmWIlTcLSYLQ=
github.com/aws/aws-sdk-go-v2/service/ec2 v1.227.0/go.mod h1:35jGWx7ECvCwTsApqicFYzZ7JFEnBc6oHUuOQ3xIS54=
github.com/aws/aws-sdk-go-v2/service/ec2 v1.245.0 h1:NSmUES4o6jcxmd8/SeYwo3/wtr4e+pL2I8z7ZaseGsU=
github.com/aws/aws-sdk-go-v2/service/ec2 v1.245.0/go.mod h1:EeWmteKqZjaMj45MUmPET1SisFI+HkqWIRQoyjMivcc=
github.com/aws/aws-sdk-go-v2/service/internal/accept-encoding v1.12.4 h1:CXV68E2dNqhuynZJPB80bhPQwAKqBWVer887figW6Jc=
github.com/aws/aws-sdk-go-v2/service/internal/accept-encoding v1.12.4/go.mod h1:/xFi9KtvBXP97ppCz1TAEvU1Uf66qvid89rbem3wCzQ=
github.com/aws/aws-sdk-go-v2/service/internal/accept-encoding v1.13.0 h1:6+lZi2JeGKtCraAj1rpoZfKqnQ9SptseRZioejfUOLM=
github.com/aws/aws-sdk-go-v2/service/internal/accept-encoding v1.13.0/go.mod h1:eb3gfbVIxIoGgJsi9pGne19dhCBpK6opTYpQqAmdy44=
github.com/aws/aws-sdk-go-v2/service/internal/presigned-url v1.12.17 h1:t0E6FzREdtCsiLIoLCWsYliNsRBgyGD/MCK571qk4MI=
github.com/aws/aws-sdk-go-v2/service/internal/presigned-url v1.12.17/go.mod h1:ygpklyoaypuyDvOM5ujWGrYWpAK3h7ugnmKCU/76Ys4=
github.com/aws/aws-sdk-go-v2/service/internal/presigned-url v1.13.3 h1:ieRzyHXypu5ByllM7Sp4hC5f/1Fy5wqxqY0yB85hC7s=
github.com/aws/aws-sdk-go-v2/service/internal/presigned-url v1.13.3/go.mod h1:O5ROz8jHiOAKAwx179v+7sHMhfobFVi6nZt8DEyiYoM=
github.com/aws/aws-sdk-go-v2/service/servicequotas v1.28.3 h1:FDzX6WOfsz45IVvbP5O987/hdzjciDPek+AO9BOfDXk=
github.com/aws/aws-sdk-go-v2/service/servicequotas v1.28.3/go.mod h1:y10lwaaUXvDg/W5tn2WN5WQEMw/2T4tg7AW5jISZVw0=
github.com/aws/aws-sdk-go-v2/service/servicequotas v1.31.0 h1:IqZZ0dHv/NhExc+8HI6CdgTZLz7Yjn9OaExTmFX4UX8=
github.com/aws/aws-sdk-go-v2/service/servicequotas v1.31.0/go.mod h1:q+dUus04tyoWH3qZxKzu68bfL4MFs5ahSTSkyFIqmFQ=
github.com/aws/aws-sdk-go-v2/service/sso v1.25.5 h1:AIRJ3lfb2w/1/8wOOSqYb9fUKGwQbtysJ2H1MofRUPg=
github.com/aws/aws-sdk-go-v2/service/sso v1.25.5/go.mod h1:b7SiVprpU+iGazDUqvRSLf5XmCdn+JtT1on7uNL6Ipc=
github.com/aws/aws-sdk-go-v2/service/sso v1.28.0 h1:Mc/MKBf2m4VynyJkABoVEN+QzkfLqGj0aiJuEe7cMeM=
github.com/aws/aws-sdk-go-v2/service/sso v1.28.0/go.mod h1:iS5OmxEcN4QIPXARGhavH7S8kETNL11kym6jhoS7IUQ=
github.com/aws/aws-sdk-go-v2/service/ssooidc v1.30.3 h1:BpOxT3yhLwSJ77qIY3DoHAQjZsc4HEGfMCE4NGy3uFg=
github.com/aws/aws-sdk-go-v2/service/ssooidc v1.30.3/go.mod h1:vq/GQR1gOFLquZMSrxUK/cpvKCNVYibNyJ1m7JrU88E=
github.com/aws/aws-sdk-go-v2/service/ssooidc v1.33.0 h1:6csaS/aJmqZQbKhi1EyEMM7yBW653Wy/B9hnBofW+sw=
github.com/aws/aws-sdk-go-v2/service/ssooidc v1.33.0/go.mod h1:59qHWaY5B+Rs7HGTuVGaC32m0rdpQ68N8QCN3khYiqs=
github.com/aws/aws-sdk-go-v2/service/sts v1.34.0 h1:NFOJ/NXEGV4Rq//71Hs1jC/NvPs1ezajK+yQmkwnPV0=
github.com/aws/aws-sdk-go-v2/service/sts v1.34.0/go.mod h1:7ph2tGpfQvwzgistp2+zga9f+bCjlQJPkPUmMgDSD7w=
github.com/aws/aws-sdk-go-v2/service/sts v1.37.0 h1:MG9VFW43M4A8BYeAfaJJZWrroinxeTi2r3+SnmLQfSA=
github.com/aws/aws-sdk-go-v2/service/sts v1.37.0/go.mod h1:JdeBDPgpJfuS6rU/hNglmOigKhyEZtBmbraLE4GK1J8=
github.com/aws/smithy-go v1.22.4 h1:uqXzVZNuNexwc/xrh6Tb56u89WDlJY6HS+KC0S4QSjw=
github.com/aws/smithy-go v1.22.4/go.mod h1:t1ufH5HMublsJYulve2RKmHDC15xu1f26kHCp/HgceI=
github.com/aws/smithy-go v1.22.5 h1:P9ATCXPMb2mPjYBgueqJNCA5S9UfktsW0tTxi+a7eqw=
github.com/aws/smithy-go v1.22.5/go.mod h1:t1ufH5HMublsJYulve2RKmHDC15xu1f26kHCp/HgceI=
